
Microsoft Visual Studio Solution File, Format Version 12.00
# Visual Studio Version 17
VisualStudioVersion = 17.5.33502.453
MinimumVisualStudioVersion = 10.0.40219.1
Project("{FAE04EC0-301F-11D3-BF4B-00C04F79EFBC}") = "db_connection", "db_connection\db_connection.csproj", "{D6E0EE09-1D93-4166-B307-3752EEE606F2}"
EndProject
Global
	GlobalSection(SolutionConfigurationPlatforms) = preSolution
		Debug|Any CPU = Debug|Any CPU
		Release|Any CPU = Release|Any CPU
	EndGlobalSection
	GlobalSection(ProjectConfigurationPlatforms) = postSolution
		{D6E0EE09-1D93-4166-B307-3752EEE606F2}.Debug|Any CPU.ActiveCfg = Debug|Any CPU
		{D6E0EE09-1D93-4166-B307-3752EEE606F2}.Debug|Any CPU.Build.0 = Debug|Any CPU
		{D6E0EE09-1D93-4166-B307-3752EEE606F2}.Release|Any CPU.ActiveCfg = Release|Any CPU
		{D6E0EE09-1D93-4166-B307-3752EEE606F2}.Release|Any CPU.Build.0 = Release|Any CPU
	EndGlobalSection
	GlobalSection(SolutionProperties) = preSolution
		HideSolutionNode = FALSE
	EndGlobalSection
	GlobalSection(ExtensibilityGlobals) = postSolution
		SolutionGuid = {7065FA8D-F903-48CC-A08E-1D1F649169F8}
	EndGlobalSection
EndGlobal
